{
  "originHash" : "082704e91decaa9352feccd4c4ce8119e5115d5b1b40cd6584e0256e807c6289",
  "pins" : [
    {
      "identity" : "sdk-ios",
      "kind" : "remoteSourceControl",
      "location" : "https://github.com/robokassa/sdk-ios.git",
      "state" : {
        "revision" : "51e097975664bb8017319e4ac967c5429b0b4485",
        "version" : "1.0.1"
      }
    },
    {
      "identity" : "swiftyxraycore",
      "kind" : "remoteSourceControl",
      "location" : "https://github.com/dima-u/SwiftyXrayCore",
      "state" : {
        "revision" : "a4b4f39bc10d3527ae0ee3f559dbdf7545acde02",
        "version" : "1.1.0"
      }
    },
    {
      "identity" : "swiftyxraykit",
      "kind" : "remoteSourceControl",
      "location" : "https://github.com/dima-u/SwiftyXrayKit.git",
      "state" : {
        "revision" : "12c2ea55281cbe58a16a1f27e54b7f92792d4f76",
        "version" : "1.1.0"
      }
    }
  ],
  "version" : 3
}
